
Microsoft Visual Studio Solution File, Format Version 12.00
# Visual Studio Version 17
VisualStudioVersion = 17.9.34622.214
MinimumVisualStudioVersion = 10.0.40219.1
Project("{FAE04EC0-301F-11D3-BF4B-00C04F79EFBC}") = "CA240321E", "CA240321E.csproj", "{BE1AE115-456B-4D82-972A-C74A79410C1D}"
EndProject
Global
	GlobalSection(SolutionConfigurationPlatforms) = preSolution
		Debug|Any CPU = Debug|Any CPU
		Release|Any CPU = Release|Any CPU
	EndGlobalSection
	GlobalSection(ProjectConfigurationPlatforms) = postSolution
		{BE1AE115-456B-4D82-972A-C74A79410C1D}.Debug|Any CPU.ActiveCfg = Debug|Any CPU
		{BE1AE115-456B-4D82-972A-C74A79410C1D}.Debug|Any CPU.Build.0 = Debug|Any CPU
		{BE1AE115-456B-4D82-972A-C74A79410C1D}.Release|Any CPU.ActiveCfg = Release|Any CPU
		{BE1AE115-456B-4D82-972A-C74A79410C1D}.Release|Any CPU.Build.0 = Release|Any CPU
	EndGlobalSection
	GlobalSection(SolutionProperties) = preSolution
		HideSolutionNode = FALSE
	EndGlobalSection
	GlobalSection(ExtensibilityGlobals) = postSolution
		SolutionGuid = {A7B96696-0A8D-47FB-8D2C-DF24FB5CE268}
	EndGlobalSection
EndGlobal
